<?xml version="1.0" encoding="utf-8"?>
<Project ToolsVersion="4.0" xmlns="http://schemas.microsoft.com/developer/msbuild/2003">
  <ItemGroup>
    <Filter Include="Source Files">
      <UniqueIdentifier>{4FC737F1-C7A5-4376-A066-2A32D752A2FF}</UniqueIdentifier>
      <Extensions>cpp;c;cc;cxx;def;odl;idl;hpj;bat;asm;asmx</Extensions>
    </Filter>
    <Filter Include="Header Files">
      <UniqueIdentifier>{93995380-89BD-4b04-88EB-625FBE52EBFB}</UniqueIdentifier>
      <Extensions>h;hh;hpp;hxx;hm;inl;inc;ipp;xsd</Extensions>
    </Filter>
    <Filter Include="Resource Files">
      <UniqueIdentifier>{67DA6AB6-F800-4c08-8B7A-83BB121AAD01}</UniqueIdentifier>
      <Extensions>rc;ico;cur;bmp;dlg;rc2;rct;bin;rgs;gif;jpg;jpeg;jpe;resx;tiff;tif;png;wav;mfcribbon-ms</Extensions>
    </Filter>
    <Filter Include="Source Files\components">
      <UniqueIdentifier>{3b0c83fb-98ea-441e-baa0-0e5b43c71fd4}</UniqueIdentifier>
    </Filter>
    <Filter Include="Source Files\systems">
      <UniqueIdentifier>{1f78c431-944f-45df-9f13-a737fa969320}</UniqueIdentifier>
    </Filter>
    <Filter Include="Source Files\objects">
      <UniqueIdentifier>{c1037b7e-716d-4fc8-bb09-0fe2b0b076cb}</UniqueIdentifier>
    </Filter>
  </ItemGroup>
  <ItemGroup>
    <ClInclude Include="src\animation.h">
      <Filter>Source Files</Filter>
    </ClInclude>
    <ClInclude Include="src\animator.h">
      <Filter>Source Files</Filter>
    </ClInclude>
    <ClInclude Include="src\assetManager.h">
      <Filter>Source Files</Filter>
    </ClInclude>
    <ClInclude Include="src\bg.h">
      <Filter>Source Files</Filter>
    </ClInclude>
    <ClInclude Include="src\demoScene.h">
      <Filter>Source Files</Filter>
    </ClInclude>
    <ClInclude Include="src\game.h">
      <Filter>Source Files</Filter>
    </ClInclude>
    <ClInclude Include="src\inputHandler.h">
      <Filter>Source Files</Filter>
    </ClInclude>
    <ClInclude Include="src\math.h">
      <Filter>Source Files</Filter>
    </ClInclude>
    <ClInclude Include="src\object.h">
      <Filter>Source Files</Filter>
    </ClInclude>
    <ClInclude Include="src\player.h">
      <Filter>Source Files</Filter>
    </ClInclude>
    <ClInclude Include="src\renderable.h">
      <Filter>Source Files</Filter>
    </ClInclude>
    <ClInclude Include="src\renderer.h">
      <Filter>Source Files</Filter>
    </ClInclude>
    <ClInclude Include="src\scene.h">
      <Filter>Source Files</Filter>
    </ClInclude>
    <ClInclude Include="src\sceneManager.h">
      <Filter>Source Files</Filter>
    </ClInclude>
    <ClInclude Include="src\texture.h">
      <Filter>Source Files</Filter>
    </ClInclude>
    <ClInclude Include="src\tilemap.h">
      <Filter>Source Files</Filter>
    </ClInclude>
    <ClInclude Include="src\timer.h">
      <Filter>Source Files</Filter>
    </ClInclude>
    <ClInclude Include="src\window.h">
      <Filter>Source Files</Filter>
    </ClInclude>
    <ClInclude Include="src\game\gameState.h">
      <Filter>Source Files</Filter>
    </ClInclude>
    <ClInclude Include="src\game\hud.h">
      <Filter>Source Files</Filter>
    </ClInclude>
    <ClInclude Include="src\eventHandler.h">
      <Filter>Source Files</Filter>
    </ClInclude>
    <ClInclude Include="src\components\renderable.h">
      <Filter>Source Files\components</Filter>
    </ClInclude>
    <ClInclude Include="src\components\velocity.h">
      <Filter>Source Files\components</Filter>
    </ClInclude>
    <ClInclude Include="src\components\position.h">
      <Filter>Source Files\components</Filter>
    </ClInclude>
    <ClInclude Include="src\systems\renderableSystem.h">
      <Filter>Source Files\systems</Filter>
    </ClInclude>
    <ClInclude Include="src\systems\velocitySystem.h">
      <Filter>Source Files\systems</Filter>
    </ClInclude>
    <ClInclude Include="src\systems\animationSystem.h">
      <Filter>Source Files\systems</Filter>
    </ClInclude>
    <ClInclude Include="src\components\animator.h">
      <Filter>Source Files\components</Filter>
    </ClInclude>
    <ClInclude Include="src\objects\player.h">
      <Filter>Source Files\objects</Filter>
    </ClInclude>
    <ClInclude Include="src\systems\characterControllerSystem.h">
      <Filter>Source Files\systems</Filter>
    </ClInclude>
    <ClInclude Include="src\components\characterController.h">
      <Filter>Source Files\components</Filter>
    </ClInclude>
    <ClInclude Include="src\systems\cameraSystem.h">
      <Filter>Source Files\systems</Filter>
    </ClInclude>
    <ClInclude Include="src\objects\camera.h">
      <Filter>Source Files\objects</Filter>
    </ClInclude>
    <ClInclude Include="src\components\collidable.h">
      <Filter>Source Files\components</Filter>
    </ClInclude>
    <ClInclude Include="src\systems\collisionSystem.h">
      <Filter>Source Files\systems</Filter>
    </ClInclude>
    <ClInclude Include="src\components\camera.h">
      <Filter>Source Files\components</Filter>
    </ClInclude>
    <ClInclude Include="src\systems\debugSystem.h">
      <Filter>Source Files\systems</Filter>
    </ClInclude>
    <ClInclude Include="src\components\gravity.h">
      <Filter>Source Files\components</Filter>
    </ClInclude>
    <ClInclude Include="src\objects\bat.h">
      <Filter>Source Files\objects</Filter>
    </ClInclude>
    <ClInclude Include="src\components\lifetime.h">
      <Filter>Source Files\components</Filter>
    </ClInclude>
    <ClInclude Include="src\systems\lifetimeSystem.h">
      <Filter>Source Files\systems</Filter>
    </ClInclude>
    <ClInclude Include="src\events.h">
      <Filter>Source Files</Filter>
    </ClInclude>
    <ClInclude Include="src\objects\knife.h">
      <Filter>Source Files\objects</Filter>
    </ClInclude>
    <ClInclude Include="src\systems\gravitySystem.h">
      <Filter>Source Files\systems</Filter>
    </ClInclude>
    <ClInclude Include="src\components\destroyOnTouchSolid.h">
      <Filter>Source Files\components</Filter>
    </ClInclude>
  </ItemGroup>
  <ItemGroup>
    <ClCompile Include="src\main.cc">
      <Filter>Source Files</Filter>
    </ClCompile>
  </ItemGroup>
</Project>